<?xml version="1.0" encoding="utf-8"?>
<Project ToolsVersion="4.0" xmlns="http://schemas.microsoft.com/developer/msbuild/2003">
  <ItemGroup>
    <Filter Include="源文件">
      <UniqueIdentifier>{4FC737F1-C7A5-4376-A066-2A32D752A2FF}</UniqueIdentifier>
      <Extensions>cpp;c;cc;cxx;c++;cppm;ixx;def;odl;idl;hpj;bat;asm;asmx</Extensions>
    </Filter>
    <Filter Include="头文件">
      <UniqueIdentifier>{93995380-89BD-4b04-88EB-625FBE52EBFB}</UniqueIdentifier>
      <Extensions>h;hh;hpp;hxx;h++;hm;inl;inc;ipp;xsd</Extensions>
    </Filter>
    <Filter Include="资源文件">
      <UniqueIdentifier>{67DA6AB6-F800-4c08-8B7A-83BB121AAD01}</UniqueIdentifier>
      <Extensions>rc;ico;cur;bmp;dlg;rc2;rct;bin;rgs;gif;jpg;jpeg;jpe;resx;tiff;tif;png;wav;mfcribbon-ms</Extensions>
    </Filter>
  </ItemGroup>
  <ItemGroup>
    <ClInclude Include="SmartLuoJia2.0.h">
      <Filter>头文件</Filter>
    </ClInclude>
    <ClInclude Include="SmartLuoJia2.0Dlg.h">
      <Filter>头文件</Filter>
    </ClInclude>
    <ClInclude Include="framework.h">
      <Filter>头文件</Filter>
    </ClInclude>
    <ClInclude Include="targetver.h">
      <Filter>头文件</Filter>
    </ClInclude>
    <ClInclude Include="Resource.h">
      <Filter>头文件</Filter>
    </ClInclude>
    <ClInclude Include="pch.h">
      <Filter>头文件</Filter>
    </ClInclude>
    <ClInclude Include="UserInf.h">
      <Filter>头文件</Filter>
    </ClInclude>
    <ClInclude Include="CColorButton.h">
      <Filter>头文件</Filter>
    </ClInclude>
    <ClInclude Include="MENU2Dlg.h">
      <Filter>头文件</Filter>
    </ClInclude>
    <ClInclude Include="ButtonST.h">
      <Filter>头文件</Filter>
    </ClInclude>
    <ClInclude Include="GRADEDLG.h">
      <Filter>头文件</Filter>
    </ClInclude>
    <ClInclude Include="COURSEDLG.h">
      <Filter>头文件</Filter>
    </ClInclude>
    <ClInclude Include="CColorButton2.h">
      <Filter>头文件</Filter>
    </ClInclude>
    <ClInclude Include="DATESETDLG.h">
      <Filter>头文件</Filter>
    </ClInclude>
    <ClInclude Include="LIBRARYSELECTDlg.h">
      <Filter>头文件</Filter>
    </ClInclude>
    <ClInclude Include="LIBRARY1Dlg.h">
      <Filter>头文件</Filter>
    </ClInclude>
    <ClInclude Include="CButtonSTL1.h">
      <Filter>头文件</Filter>
    </ClInclude>
    <ClInclude Include="RECORDDlg.h">
      <Filter>头文件</Filter>
    </ClInclude>
    <ClInclude Include="TIMEDlg.h">
      <Filter>头文件</Filter>
    </ClInclude>
    <ClInclude Include="CommonUtils.h">
      <Filter>头文件</Filter>
    </ClInclude>
    <ClInclude Include="LIBRARY2Dlg.h">
      <Filter>头文件</Filter>
    </ClInclude>
    <ClInclude Include="LIBRARY3Dlg.h">
      <Filter>头文件</Filter>
    </ClInclude>
  </ItemGroup>
  <ItemGroup>
    <ClCompile Include="SmartLuoJia2.0.cpp">
      <Filter>源文件</Filter>
    </ClCompile>
    <ClCompile Include="SmartLuoJia2.0Dlg.cpp">
      <Filter>源文件</Filter>
    </ClCompile>
    <ClCompile Include="pch.cpp">
      <Filter>源文件</Filter>
    </ClCompile>
    <ClCompile Include="UserInf.cpp">
      <Filter>源文件</Filter>
    </ClCompile>
    <ClCompile Include="CColorButton.cpp">
      <Filter>源文件</Filter>
    </ClCompile>
    <ClCompile Include="MENU2Dlg.cpp">
      <Filter>源文件</Filter>
    </ClCompile>
    <ClCompile Include="ButtonST.cpp">
      <Filter>源文件</Filter>
    </ClCompile>
    <ClCompile Include="GRADEDLG.cpp">
      <Filter>源文件</Filter>
    </ClCompile>
    <ClCompile Include="COURSEDLG.cpp">
      <Filter>源文件</Filter>
    </ClCompile>
    <ClCompile Include="CColorButton2.cpp">
      <Filter>源文件</Filter>
    </ClCompile>
    <ClCompile Include="DATESETDLG.cpp">
      <Filter>源文件</Filter>
    </ClCompile>
    <ClCompile Include="LIBRARYSELECTDlg.cpp">
      <Filter>源文件</Filter>
    </ClCompile>
    <ClCompile Include="LIBRARY1Dlg.cpp">
      <Filter>源文件</Filter>
    </ClCompile>
    <ClCompile Include="CButtonSTL1.cpp">
      <Filter>源文件</Filter>
    </ClCompile>
    <ClCompile Include="RECORDDlg.cpp">
      <Filter>源文件</Filter>
    </ClCompile>
    <ClCompile Include="TIMEDlg.cpp">
      <Filter>源文件</Filter>
    </ClCompile>
    <ClCompile Include="CommonUtils.cpp">
      <Filter>源文件</Filter>
    </ClCompile>
    <ClCompile Include="LIBRARY2Dlg.cpp">
      <Filter>源文件</Filter>
    </ClCompile>
    <ClCompile Include="LIBRARY3Dlg.cpp">
      <Filter>源文件</Filter>
    </ClCompile>
  </ItemGroup>
  <ItemGroup>
    <ResourceCompile Include="SmartLuoJia20.rc">
      <Filter>资源文件</Filter>
    </ResourceCompile>
  </ItemGroup>
  <ItemGroup>
    <None Include="res\SmartLuoJia20.rc2">
      <Filter>资源文件</Filter>
    </None>
  </ItemGroup>
  <ItemGroup>
    <Image Include="res\SmartLuoJia2.0.ico">
      <Filter>资源文件</Filter>
    </Image>
    <Image Include="res\bitmap1.bmp">
      <Filter>资源文件</Filter>
    </Image>
  </ItemGroup>
</Project>